
Microsoft Visual Studio Solution File, Format Version 12.00
# Visual Studio Version 17
VisualStudioVersion = 17.11.35312.102
MinimumVisualStudioVersion = 10.0.40219.1
Project("{FAE04EC0-301F-11D3-BF4B-00C04F79EFBC}") = "Stock.Worker", "Stock.Worker\Stock.Worker.csproj", "{8AF22F01-9D4E-4D4D-B6AD-7BA005E2ABCC}"
EndProject
Project("{FAE04EC0-301F-11D3-BF4B-00C04F79EFBC}") = "Stock.Common", "Stock.Common\Stock.Common.csproj", "{D577C676-EBFA-4F4E-B82B-FF3EFD583FB1}"
EndProject
Project("{FAE04EC0-301F-11D3-BF4B-00C04F79EFBC}") = "Stock.Viewer", "Stock.Viewer\Stock.Viewer.csproj", "{CEF0E173-42A9-48A5-95AC-0A2C480521BD}"
EndProject
Project("{FAE04EC0-301F-11D3-BF4B-00C04F79EFBC}") = "Stock.Utils", "Stock.Utils\Stock.Utils.csproj", "{32A0CB1B-5171-4F70-9D9E-CA7BBCEDAAE0}"
EndProject
Project("{FAE04EC0-301F-11D3-BF4B-00C04F79EFBC}") = "Stock.Dal", "DB\Stock.Dal\Stock.Dal.csproj", "{D0488C51-D9A7-440B-B76C-15E60D5F589D}"
EndProject
Project("{2150E333-8FDC-42A3-9474-1A3956D46DE8}") = "DB", "DB", "{64A775CB-D61A-487B-A1EF-A2BDEDD57F19}"
EndProject
Project("{00D1A9C2-B5F0-4AF3-8072-F6C62B433612}") = "Stocks.DB", "DB\Stock.Db\Stocks.DB\Stocks.DB.sqlproj", "{61BFAC6B-9380-4DA6-AB63-8815D09621AA}"
EndProject
Project("{2150E333-8FDC-42A3-9474-1A3956D46DE8}") = "Site", "Site", "{9C3A0405-20C5-4648-BDC9-60D3001A55A7}"
EndProject
Project("{FAE04EC0-301F-11D3-BF4B-00C04F79EFBC}") = "Stocks.Collector", "Stocks.Collector\Stocks.Collector.csproj", "{16496B6E-C746-4FD8-8252-161720D6BE3D}"
EndProject
Project("{FAE04EC0-301F-11D3-BF4B-00C04F79EFBC}") = "Stocks.Analyzer", "Stocks.Analyzer\Stocks.Analyzer.csproj", "{E4AEF784-EC9D-4F57-BE4A-754A34839842}"
EndProject
Project("{2150E333-8FDC-42A3-9474-1A3956D46DE8}") = "Workers", "Workers", "{BA361299-23A8-4BE1-B936-25F05A149567}"
EndProject
Project("{2150E333-8FDC-42A3-9474-1A3956D46DE8}") = "Common", "Common", "{8ED026A5-D9FF-4E22-9401-D46A9DC2FC35}"
EndProject
Project("{FAE04EC0-301F-11D3-BF4B-00C04F79EFBC}") = "Stock.Spreadsheet", "Stock.Spreadsheet\Stock.Spreadsheet.csproj", "{04546AAB-E5E4-413D-9491-D9BD4F7862D2}"
EndProject
Project("{FAE04EC0-301F-11D3-BF4B-00C04F79EFBC}") = "Stocks.ApiTester", "Stocks.ApiTester\Stocks.ApiTester.csproj", "{08A2D8A9-A41D-4947-BFE2-61271971F595}"
EndProject
Project("{2150E333-8FDC-42A3-9474-1A3956D46DE8}") = "Test", "Test", "{F87E203F-F23B-49D1-9E4D-266198CD30C4}"
EndProject
Project("{2150E333-8FDC-42A3-9474-1A3956D46DE8}") = "Trader", "Trader", "{5FBE924A-EE5A-4E19-A6BF-3C96FF308C62}"
EndProject
Project("{FAE04EC0-301F-11D3-BF4B-00C04F79EFBC}") = "Stock.Trader", "Trader\Stock.Trader\Stock.Trader.csproj", "{021F3B0E-150B-4E9B-AC46-5B3B9911C693}"
EndProject
Project("{FAE04EC0-301F-11D3-BF4B-00C04F79EFBC}") = "Stock.Trader.shell", "Trader\Stock.Trader.shell\Stock.Trader.shell.csproj", "{775CA5E8-9901-40ED-AB90-FB0C46A03C18}"
EndProject
Project("{FAE04EC0-301F-11D3-BF4B-00C04F79EFBC}") = "Stock.Trader.Service", "Trader\Stock.Trader.Service\Stock.Trader.Service.csproj", "{AB2EA2E0-EF08-4374-8C41-8DE38BC52533}"
EndProject
Project("{2150E333-8FDC-42A3-9474-1A3956D46DE8}") = "Importers", "Importers", "{DE90172D-600F-444C-A79C-BE465EEF8BF2}"
EndProject
Project("{9A19103F-16F7-4668-BE54-9A1E7A4F7556}") = "Trady.Importer.Yahoo", "Importers\Trady.Importer.Yahoo\Trady.Importer.Yahoo.csproj", "{C363396A-027C-4CD4-965B-A010D3B882AD}"
EndProject
Project("{2150E333-8FDC-42A3-9474-1A3956D46DE8}") = "Lib", "Lib", "{BD8EAE83-9901-4DF2-ACFF-C57D84850A16}"
EndProject
Project("{9A19103F-16F7-4668-BE54-9A1E7A4F7556}") = "Trady.Core", "Lib\Trady.Core\Trady.Core.csproj", "{721D0056-57FE-42B9-9006-FC5B4B83E675}"
EndProject
Project("{9A19103F-16F7-4668-BE54-9A1E7A4F7556}") = "Trady.Importer.AlphaVantage", "Importers\Trady.Importer.AlphaVantage\Trady.Importer.AlphaVantage.csproj", "{7E444F87-C3EE-4AB8-995C-8CB0B644F997}"
EndProject
Project("{9A19103F-16F7-4668-BE54-9A1E7A4F7556}") = "Trady.Importer.Google", "Importers\Trady.Importer.Google\Trady.Importer.Google.csproj", "{D2D4084A-5AD8-42DE-8343-B621D5C9F3F9}"
EndProject
Project("{9A19103F-16F7-4668-BE54-9A1E7A4F7556}") = "Trady.Importer.Quandl", "Importers\Trady.Importer.Quandl\Trady.Importer.Quandl.csproj", "{E3FA97D7-9FCB-454A-9655-0AD3136AB5EB}"
EndProject
Project("{9A19103F-16F7-4668-BE54-9A1E7A4F7556}") = "Trady.Importer.Stooq", "Importers\Trady.Importer.Stooq\Trady.Importer.Stooq.csproj", "{2B4E4E4B-B496-47C9-9DA9-DE4D1D2CCECD}"
EndProject
Project("{9A19103F-16F7-4668-BE54-9A1E7A4F7556}") = "Trady.Test", "TEST\Trady.Test\Trady.Test.csproj", "{3D83A232-89D1-4C2F-96FC-99E3651B50FD}"
EndProject
Project("{9A19103F-16F7-4668-BE54-9A1E7A4F7556}") = "Trady.Importer.YahooV3", "Importers\Trady.Importer.YahooV3\Trady.Importer.YahooV3.csproj", "{DB269A2A-79A5-425E-95BE-CCEFE059AE05}"
EndProject
Project("{9A19103F-16F7-4668-BE54-9A1E7A4F7556}") = "Trady.Analysis", "Lib\Trady.Analysis\Trady.Analysis.csproj", "{E024CC7D-3323-4595-960C-972AC7F9E419}"
EndProject
Project("{9A19103F-16F7-4668-BE54-9A1E7A4F7556}") = "Trady.TesterApp", "TEST\Trady.TesterApp\Trady.TesterApp.csproj", "{567270FB-3253-4B81-9E8C-9A989112BE14}"
EndProject
Project("{FAE04EC0-301F-11D3-BF4B-00C04F79EFBC}") = "MLTest", "MLTest\MLTest.csproj", "{76C28AEC-05BF-4A99-9E6A-DEA8E6EA0B87}"
EndProject
Project("{FAE04EC0-301F-11D3-BF4B-00C04F79EFBC}") = "Stock.Viewer.Controls", "Stock.Viewer.Controls\Stock.Viewer.Controls.csproj", "{5455AD69-1B31-41C4-8782-A79A5BA5F61D}"
EndProject
Project("{FAE04EC0-301F-11D3-BF4B-00C04F79EFBC}") = "Stocks.ML", "Stocks.ML\Stocks.ML.csproj", "{8839C804-E624-4626-8853-3D17D79FF1EB}"
EndProject
Project("{2150E333-8FDC-42A3-9474-1A3956D46DE8}") = "PythonScripts", "PythonScripts", "{FA68C2CE-4426-4A2F-8D6C-D819C36A8FEA}"
	ProjectSection(SolutionItems) = preProject
		PythonScripts\a4.py = PythonScripts\a4.py
		PythonScripts\analyze_sentiment.py = PythonScripts\analyze_sentiment.py
		PythonScripts\bert-large-NER.py = PythonScripts\bert-large-NER.py
		PythonScripts\doctor.e16ba4e4.jpg = PythonScripts\doctor.e16ba4e4.jpg
		PythonScripts\finbert-tone.py = PythonScripts\finbert-tone.py
		PythonScripts\finbert-tone2.py = PythonScripts\finbert-tone2.py
		PythonScripts\image-captioning.py = PythonScripts\image-captioning.py
		PythonScripts\ONNX.py = PythonScripts\ONNX.py
		PythonScripts\ONNX2.py = PythonScripts\ONNX2.py
		PythonScripts\onnxr.py = PythonScripts\onnxr.py
		PythonScripts\package-lock.json = PythonScripts\package-lock.json
		PythonScripts\package.json = PythonScripts\package.json
		PythonScripts\test.mjs = PythonScripts\test.mjs
	EndProjectSection
EndProject
Project("{FAE04EC0-301F-11D3-BF4B-00C04F79EFBC}") = "Stock.ScrapperTester", "TEST\Stock.ScrapperTester\Stock.ScrapperTester.csproj", "{1C48CB54-4FD3-4413-984B-34C6918349EE}"
EndProject
Project("{FAE04EC0-301F-11D3-BF4B-00C04F79EFBC}") = "Stocks.CommonScrapper", "Stocks.CommonScrapper\Stocks.CommonScrapper.csproj", "{E7554DA0-4E74-456A-9E6B-4ADD1993F3F0}"
EndProject
Project("{FAE04EC0-301F-11D3-BF4B-00C04F79EFBC}") = "ML.Viewer", "ML.Viewer\ML.Viewer.csproj", "{0C894919-7C9B-4117-B858-80FA33CC61A1}"
EndProject
Project("{FAE04EC0-301F-11D3-BF4B-00C04F79EFBC}") = "YahooFinanceApi", "Lib\YahooFinanceApi\YahooFinanceApi.csproj", "{00CE4FE9-AF28-F4BB-FC3B-69A1C21C4898}"
EndProject
Project("{FAE04EC0-301F-11D3-BF4B-00C04F79EFBC}") = "Stocks.Common.Log", "Stocks.Common.Log\Stocks.Common.Log.csproj", "{FDEFA8AF-7123-4C96-B4D4-2D97076F541C}"
EndProject
Global
	GlobalSection(SolutionConfigurationPlatforms) = preSolution
		Debug|Any CPU = Debug|Any CPU
		Release|Any CPU = Release|Any CPU
	EndGlobalSection
	GlobalSection(ProjectConfigurationPlatforms) = postSolution
		{8AF22F01-9D4E-4D4D-B6AD-7BA005E2ABCC}.Debug|Any CPU.ActiveCfg = Debug|Any CPU
		{8AF22F01-9D4E-4D4D-B6AD-7BA005E2ABCC}.Debug|Any CPU.Build.0 = Debug|Any CPU
		{8AF22F01-9D4E-4D4D-B6AD-7BA005E2ABCC}.Release|Any CPU.ActiveCfg = Release|Any CPU
		{8AF22F01-9D4E-4D4D-B6AD-7BA005E2ABCC}.Release|Any CPU.Build.0 = Release|Any CPU
		{D577C676-EBFA-4F4E-B82B-FF3EFD583FB1}.Debug|Any CPU.ActiveCfg = Debug|Any CPU
		{D577C676-EBFA-4F4E-B82B-FF3EFD583FB1}.Debug|Any CPU.Build.0 = Debug|Any CPU
		{D577C676-EBFA-4F4E-B82B-FF3EFD583FB1}.Release|Any CPU.ActiveCfg = Release|Any CPU
		{D577C676-EBFA-4F4E-B82B-FF3EFD583FB1}.Release|Any CPU.Build.0 = Release|Any CPU
		{CEF0E173-42A9-48A5-95AC-0A2C480521BD}.Debug|Any CPU.ActiveCfg = Debug|Any CPU
		{CEF0E173-42A9-48A5-95AC-0A2C480521BD}.Debug|Any CPU.Build.0 = Debug|Any CPU
		{CEF0E173-42A9-48A5-95AC-0A2C480521BD}.Release|Any CPU.ActiveCfg = Release|Any CPU
		{CEF0E173-42A9-48A5-95AC-0A2C480521BD}.Release|Any CPU.Build.0 = Release|Any CPU
		{32A0CB1B-5171-4F70-9D9E-CA7BBCEDAAE0}.Debug|Any CPU.ActiveCfg = Debug|Any CPU
		{32A0CB1B-5171-4F70-9D9E-CA7BBCEDAAE0}.Debug|Any CPU.Build.0 = Debug|Any CPU
		{32A0CB1B-5171-4F70-9D9E-CA7BBCEDAAE0}.Release|Any CPU.ActiveCfg = Release|Any CPU
		{32A0CB1B-5171-4F70-9D9E-CA7BBCEDAAE0}.Release|Any CPU.Build.0 = Release|Any CPU
		{D0488C51-D9A7-440B-B76C-15E60D5F589D}.Debug|Any CPU.ActiveCfg = Debug|Any CPU
		{D0488C51-D9A7-440B-B76C-15E60D5F589D}.Debug|Any CPU.Build.0 = Debug|Any CPU
		{D0488C51-D9A7-440B-B76C-15E60D5F589D}.Release|Any CPU.ActiveCfg = Release|Any CPU
		{D0488C51-D9A7-440B-B76C-15E60D5F589D}.Release|Any CPU.Build.0 = Release|Any CPU
		{61BFAC6B-9380-4DA6-AB63-8815D09621AA}.Debug|Any CPU.ActiveCfg = Debug|Any CPU
		{61BFAC6B-9380-4DA6-AB63-8815D09621AA}.Debug|Any CPU.Build.0 = Debug|Any CPU
		{61BFAC6B-9380-4DA6-AB63-8815D09621AA}.Debug|Any CPU.Deploy.0 = Debug|Any CPU
		{61BFAC6B-9380-4DA6-AB63-8815D09621AA}.Release|Any CPU.ActiveCfg = Release|Any CPU
		{61BFAC6B-9380-4DA6-AB63-8815D09621AA}.Release|Any CPU.Build.0 = Release|Any CPU
		{61BFAC6B-9380-4DA6-AB63-8815D09621AA}.Release|Any CPU.Deploy.0 = Release|Any CPU
		{16496B6E-C746-4FD8-8252-161720D6BE3D}.Debug|Any CPU.ActiveCfg = Debug|Any CPU
		{16496B6E-C746-4FD8-8252-161720D6BE3D}.Debug|Any CPU.Build.0 = Debug|Any CPU
		{16496B6E-C746-4FD8-8252-161720D6BE3D}.Release|Any CPU.ActiveCfg = Release|Any CPU
		{16496B6E-C746-4FD8-8252-161720D6BE3D}.Release|Any CPU.Build.0 = Release|Any CPU
		{E4AEF784-EC9D-4F57-BE4A-754A34839842}.Debug|Any CPU.ActiveCfg = Debug|Any CPU
		{E4AEF784-EC9D-4F57-BE4A-754A34839842}.Debug|Any CPU.Build.0 = Debug|Any CPU
		{E4AEF784-EC9D-4F57-BE4A-754A34839842}.Release|Any CPU.ActiveCfg = Release|Any CPU
		{E4AEF784-EC9D-4F57-BE4A-754A34839842}.Release|Any CPU.Build.0 = Release|Any CPU
		{04546AAB-E5E4-413D-9491-D9BD4F7862D2}.Debug|Any CPU.ActiveCfg = Debug|Any CPU
		{04546AAB-E5E4-413D-9491-D9BD4F7862D2}.Debug|Any CPU.Build.0 = Debug|Any CPU
		{04546AAB-E5E4-413D-9491-D9BD4F7862D2}.Release|Any CPU.ActiveCfg = Release|Any CPU
		{04546AAB-E5E4-413D-9491-D9BD4F7862D2}.Release|Any CPU.Build.0 = Release|Any CPU
		{08A2D8A9-A41D-4947-BFE2-61271971F595}.Debug|Any CPU.ActiveCfg = Debug|Any CPU
		{08A2D8A9-A41D-4947-BFE2-61271971F595}.Debug|Any CPU.Build.0 = Debug|Any CPU
		{08A2D8A9-A41D-4947-BFE2-61271971F595}.Release|Any CPU.ActiveCfg = Release|Any CPU
		{08A2D8A9-A41D-4947-BFE2-61271971F595}.Release|Any CPU.Build.0 = Release|Any CPU
		{021F3B0E-150B-4E9B-AC46-5B3B9911C693}.Debug|Any CPU.ActiveCfg = Debug|Any CPU
		{021F3B0E-150B-4E9B-AC46-5B3B9911C693}.Debug|Any CPU.Build.0 = Debug|Any CPU
		{021F3B0E-150B-4E9B-AC46-5B3B9911C693}.Release|Any CPU.ActiveCfg = Release|Any CPU
		{021F3B0E-150B-4E9B-AC46-5B3B9911C693}.Release|Any CPU.Build.0 = Release|Any CPU
		{775CA5E8-9901-40ED-AB90-FB0C46A03C18}.Debug|Any CPU.ActiveCfg = Debug|Any CPU
		{775CA5E8-9901-40ED-AB90-FB0C46A03C18}.Debug|Any CPU.Build.0 = Debug|Any CPU
		{775CA5E8-9901-40ED-AB90-FB0C46A03C18}.Release|Any CPU.ActiveCfg = Release|Any CPU
		{775CA5E8-9901-40ED-AB90-FB0C46A03C18}.Release|Any CPU.Build.0 = Release|Any CPU
		{AB2EA2E0-EF08-4374-8C41-8DE38BC52533}.Debug|Any CPU.ActiveCfg = Debug|Any CPU
		{AB2EA2E0-EF08-4374-8C41-8DE38BC52533}.Debug|Any CPU.Build.0 = Debug|Any CPU
		{AB2EA2E0-EF08-4374-8C41-8DE38BC52533}.Release|Any CPU.ActiveCfg = Release|Any CPU
		{AB2EA2E0-EF08-4374-8C41-8DE38BC52533}.Release|Any CPU.Build.0 = Release|Any CPU
		{C363396A-027C-4CD4-965B-A010D3B882AD}.Debug|Any CPU.ActiveCfg = Debug|Any CPU
		{C363396A-027C-4CD4-965B-A010D3B882AD}.Debug|Any CPU.Build.0 = Debug|Any CPU
		{C363396A-027C-4CD4-965B-A010D3B882AD}.Release|Any CPU.ActiveCfg = Release|Any CPU
		{C363396A-027C-4CD4-965B-A010D3B882AD}.Release|Any CPU.Build.0 = Release|Any CPU
		{721D0056-57FE-42B9-9006-FC5B4B83E675}.Debug|Any CPU.ActiveCfg = Debug|Any CPU
		{721D0056-57FE-42B9-9006-FC5B4B83E675}.Debug|Any CPU.Build.0 = Debug|Any CPU
		{721D0056-57FE-42B9-9006-FC5B4B83E675}.Release|Any CPU.ActiveCfg = Release|Any CPU
		{721D0056-57FE-42B9-9006-FC5B4B83E675}.Release|Any CPU.Build.0 = Release|Any CPU
		{7E444F87-C3EE-4AB8-995C-8CB0B644F997}.Debug|Any CPU.ActiveCfg = Debug|Any CPU
		{7E444F87-C3EE-4AB8-995C-8CB0B644F997}.Debug|Any CPU.Build.0 = Debug|Any CPU
		{7E444F87-C3EE-4AB8-995C-8CB0B644F997}.Release|Any CPU.ActiveCfg = Release|Any CPU
		{7E444F87-C3EE-4AB8-995C-8CB0B644F997}.Release|Any CPU.Build.0 = Release|Any CPU
		{D2D4084A-5AD8-42DE-8343-B621D5C9F3F9}.Debug|Any CPU.ActiveCfg = Debug|Any CPU
		{D2D4084A-5AD8-42DE-8343-B621D5C9F3F9}.Debug|Any CPU.Build.0 = Debug|Any CPU
		{D2D4084A-5AD8-42DE-8343-B621D5C9F3F9}.Release|Any CPU.ActiveCfg = Release|Any CPU
		{D2D4084A-5AD8-42DE-8343-B621D5C9F3F9}.Release|Any CPU.Build.0 = Release|Any CPU
		{E3FA97D7-9FCB-454A-9655-0AD3136AB5EB}.Debug|Any CPU.ActiveCfg = Debug|Any CPU
		{E3FA97D7-9FCB-454A-9655-0AD3136AB5EB}.Debug|Any CPU.Build.0 = Debug|Any CPU
		{E3FA97D7-9FCB-454A-9655-0AD3136AB5EB}.Release|Any CPU.ActiveCfg = Release|Any CPU
		{E3FA97D7-9FCB-454A-9655-0AD3136AB5EB}.Release|Any CPU.Build.0 = Release|Any CPU
		{2B4E4E4B-B496-47C9-9DA9-DE4D1D2CCECD}.Debug|Any CPU.ActiveCfg = Debug|Any CPU
		{2B4E4E4B-B496-47C9-9DA9-DE4D1D2CCECD}.Debug|Any CPU.Build.0 = Debug|Any CPU
		{2B4E4E4B-B496-47C9-9DA9-DE4D1D2CCECD}.Release|Any CPU.ActiveCfg = Release|Any CPU
		{2B4E4E4B-B496-47C9-9DA9-DE4D1D2CCECD}.Release|Any CPU.Build.0 = Release|Any CPU
		{3D83A232-89D1-4C2F-96FC-99E3651B50FD}.Debug|Any CPU.ActiveCfg = Debug|Any CPU
		{3D83A232-89D1-4C2F-96FC-99E3651B50FD}.Debug|Any CPU.Build.0 = Debug|Any CPU
		{3D83A232-89D1-4C2F-96FC-99E3651B50FD}.Release|Any CPU.ActiveCfg = Release|Any CPU
		{3D83A232-89D1-4C2F-96FC-99E3651B50FD}.Release|Any CPU.Build.0 = Release|Any CPU
		{DB269A2A-79A5-425E-95BE-CCEFE059AE05}.Debug|Any CPU.ActiveCfg = Debug|Any CPU
		{DB269A2A-79A5-425E-95BE-CCEFE059AE05}.Debug|Any CPU.Build.0 = Debug|Any CPU
		{DB269A2A-79A5-425E-95BE-CCEFE059AE05}.Release|Any CPU.ActiveCfg = Release|Any CPU
		{DB269A2A-79A5-425E-95BE-CCEFE059AE05}.Release|Any CPU.Build.0 = Release|Any CPU
		{E024CC7D-3323-4595-960C-972AC7F9E419}.Debug|Any CPU.ActiveCfg = Debug|Any CPU
		{E024CC7D-3323-4595-960C-972AC7F9E419}.Debug|Any CPU.Build.0 = Debug|Any CPU
		{E024CC7D-3323-4595-960C-972AC7F9E419}.Release|Any CPU.ActiveCfg = Release|Any CPU
		{E024CC7D-3323-4595-960C-972AC7F9E419}.Release|Any CPU.Build.0 = Release|Any CPU
		{567270FB-3253-4B81-9E8C-9A989112BE14}.Debug|Any CPU.ActiveCfg = Debug|Any CPU
		{567270FB-3253-4B81-9E8C-9A989112BE14}.Debug|Any CPU.Build.0 = Debug|Any CPU
		{567270FB-3253-4B81-9E8C-9A989112BE14}.Release|Any CPU.ActiveCfg = Release|Any CPU
		{567270FB-3253-4B81-9E8C-9A989112BE14}.Release|Any CPU.Build.0 = Release|Any CPU
		{76C28AEC-05BF-4A99-9E6A-DEA8E6EA0B87}.Debug|Any CPU.ActiveCfg = Debug|Any CPU
		{76C28AEC-05BF-4A99-9E6A-DEA8E6EA0B87}.Debug|Any CPU.Build.0 = Debug|Any CPU
		{76C28AEC-05BF-4A99-9E6A-DEA8E6EA0B87}.Release|Any CPU.ActiveCfg = Release|Any CPU
		{76C28AEC-05BF-4A99-9E6A-DEA8E6EA0B87}.Release|Any CPU.Build.0 = Release|Any CPU
		{5455AD69-1B31-41C4-8782-A79A5BA5F61D}.Debug|Any CPU.ActiveCfg = Debug|Any CPU
		{5455AD69-1B31-41C4-8782-A79A5BA5F61D}.Debug|Any CPU.Build.0 = Debug|Any CPU
		{5455AD69-1B31-41C4-8782-A79A5BA5F61D}.Release|Any CPU.ActiveCfg = Release|Any CPU
		{5455AD69-1B31-41C4-8782-A79A5BA5F61D}.Release|Any CPU.Build.0 = Release|Any CPU
		{8839C804-E624-4626-8853-3D17D79FF1EB}.Debug|Any CPU.ActiveCfg = Debug|Any CPU
		{8839C804-E624-4626-8853-3D17D79FF1EB}.Debug|Any CPU.Build.0 = Debug|Any CPU
		{8839C804-E624-4626-8853-3D17D79FF1EB}.Release|Any CPU.ActiveCfg = Release|Any CPU
		{8839C804-E624-4626-8853-3D17D79FF1EB}.Release|Any CPU.Build.0 = Release|Any CPU
		{1C48CB54-4FD3-4413-984B-34C6918349EE}.Debug|Any CPU.ActiveCfg = Debug|Any CPU
		{1C48CB54-4FD3-4413-984B-34C6918349EE}.Debug|Any CPU.Build.0 = Debug|Any CPU
		{1C48CB54-4FD3-4413-984B-34C6918349EE}.Release|Any CPU.ActiveCfg = Release|Any CPU
		{1C48CB54-4FD3-4413-984B-34C6918349EE}.Release|Any CPU.Build.0 = Release|Any CPU
		{E7554DA0-4E74-456A-9E6B-4ADD1993F3F0}.Debug|Any CPU.ActiveCfg = Debug|Any CPU
		{E7554DA0-4E74-456A-9E6B-4ADD1993F3F0}.Debug|Any CPU.Build.0 = Debug|Any CPU
		{E7554DA0-4E74-456A-9E6B-4ADD1993F3F0}.Release|Any CPU.ActiveCfg = Release|Any CPU
		{E7554DA0-4E74-456A-9E6B-4ADD1993F3F0}.Release|Any CPU.Build.0 = Release|Any CPU
		{0C894919-7C9B-4117-B858-80FA33CC61A1}.Debug|Any CPU.ActiveCfg = Debug|Any CPU
		{0C894919-7C9B-4117-B858-80FA33CC61A1}.Debug|Any CPU.Build.0 = Debug|Any CPU
		{0C894919-7C9B-4117-B858-80FA33CC61A1}.Release|Any CPU.ActiveCfg = Release|Any CPU
		{0C894919-7C9B-4117-B858-80FA33CC61A1}.Release|Any CPU.Build.0 = Release|Any CPU
		{00CE4FE9-AF28-F4BB-FC3B-69A1C21C4898}.Debug|Any CPU.ActiveCfg = Debug|Any CPU
		{00CE4FE9-AF28-F4BB-FC3B-69A1C21C4898}.Debug|Any CPU.Build.0 = Debug|Any CPU
		{00CE4FE9-AF28-F4BB-FC3B-69A1C21C4898}.Release|Any CPU.ActiveCfg = Release|Any CPU
		{00CE4FE9-AF28-F4BB-FC3B-69A1C21C4898}.Release|Any CPU.Build.0 = Release|Any CPU
		{FDEFA8AF-7123-4C96-B4D4-2D97076F541C}.Debug|Any CPU.ActiveCfg = Debug|Any CPU
		{FDEFA8AF-7123-4C96-B4D4-2D97076F541C}.Debug|Any CPU.Build.0 = Debug|Any CPU
		{FDEFA8AF-7123-4C96-B4D4-2D97076F541C}.Release|Any CPU.ActiveCfg = Release|Any CPU
		{FDEFA8AF-7123-4C96-B4D4-2D97076F541C}.Release|Any CPU.Build.0 = Release|Any CPU
	EndGlobalSection
	GlobalSection(SolutionProperties) = preSolution
		HideSolutionNode = FALSE
	EndGlobalSection
	GlobalSection(NestedProjects) = preSolution
		{8AF22F01-9D4E-4D4D-B6AD-7BA005E2ABCC} = {BA361299-23A8-4BE1-B936-25F05A149567}
		{D577C676-EBFA-4F4E-B82B-FF3EFD583FB1} = {8ED026A5-D9FF-4E22-9401-D46A9DC2FC35}
		{32A0CB1B-5171-4F70-9D9E-CA7BBCEDAAE0} = {8ED026A5-D9FF-4E22-9401-D46A9DC2FC35}
		{D0488C51-D9A7-440B-B76C-15E60D5F589D} = {64A775CB-D61A-487B-A1EF-A2BDEDD57F19}
		{61BFAC6B-9380-4DA6-AB63-8815D09621AA} = {64A775CB-D61A-487B-A1EF-A2BDEDD57F19}
		{16496B6E-C746-4FD8-8252-161720D6BE3D} = {BA361299-23A8-4BE1-B936-25F05A149567}
		{E4AEF784-EC9D-4F57-BE4A-754A34839842} = {BA361299-23A8-4BE1-B936-25F05A149567}
		{04546AAB-E5E4-413D-9491-D9BD4F7862D2} = {8ED026A5-D9FF-4E22-9401-D46A9DC2FC35}
		{08A2D8A9-A41D-4947-BFE2-61271971F595} = {F87E203F-F23B-49D1-9E4D-266198CD30C4}
		{021F3B0E-150B-4E9B-AC46-5B3B9911C693} = {5FBE924A-EE5A-4E19-A6BF-3C96FF308C62}
		{775CA5E8-9901-40ED-AB90-FB0C46A03C18} = {5FBE924A-EE5A-4E19-A6BF-3C96FF308C62}
		{AB2EA2E0-EF08-4374-8C41-8DE38BC52533} = {5FBE924A-EE5A-4E19-A6BF-3C96FF308C62}
		{C363396A-027C-4CD4-965B-A010D3B882AD} = {DE90172D-600F-444C-A79C-BE465EEF8BF2}
		{721D0056-57FE-42B9-9006-FC5B4B83E675} = {BD8EAE83-9901-4DF2-ACFF-C57D84850A16}
		{7E444F87-C3EE-4AB8-995C-8CB0B644F997} = {DE90172D-600F-444C-A79C-BE465EEF8BF2}
		{D2D4084A-5AD8-42DE-8343-B621D5C9F3F9} = {DE90172D-600F-444C-A79C-BE465EEF8BF2}
		{E3FA97D7-9FCB-454A-9655-0AD3136AB5EB} = {DE90172D-600F-444C-A79C-BE465EEF8BF2}
		{2B4E4E4B-B496-47C9-9DA9-DE4D1D2CCECD} = {DE90172D-600F-444C-A79C-BE465EEF8BF2}
		{3D83A232-89D1-4C2F-96FC-99E3651B50FD} = {F87E203F-F23B-49D1-9E4D-266198CD30C4}
		{DB269A2A-79A5-425E-95BE-CCEFE059AE05} = {DE90172D-600F-444C-A79C-BE465EEF8BF2}
		{E024CC7D-3323-4595-960C-972AC7F9E419} = {BD8EAE83-9901-4DF2-ACFF-C57D84850A16}
		{567270FB-3253-4B81-9E8C-9A989112BE14} = {F87E203F-F23B-49D1-9E4D-266198CD30C4}
		{76C28AEC-05BF-4A99-9E6A-DEA8E6EA0B87} = {F87E203F-F23B-49D1-9E4D-266198CD30C4}
		{8839C804-E624-4626-8853-3D17D79FF1EB} = {8ED026A5-D9FF-4E22-9401-D46A9DC2FC35}
		{1C48CB54-4FD3-4413-984B-34C6918349EE} = {F87E203F-F23B-49D1-9E4D-266198CD30C4}
		{E7554DA0-4E74-456A-9E6B-4ADD1993F3F0} = {8ED026A5-D9FF-4E22-9401-D46A9DC2FC35}
		{00CE4FE9-AF28-F4BB-FC3B-69A1C21C4898} = {BD8EAE83-9901-4DF2-ACFF-C57D84850A16}
		{FDEFA8AF-7123-4C96-B4D4-2D97076F541C} = {8ED026A5-D9FF-4E22-9401-D46A9DC2FC35}
	EndGlobalSection
	GlobalSection(ExtensibilityGlobals) = postSolution
		SolutionGuid = {47D10F48-A0A4-45F1-BB85-071AD866495A}
	EndGlobalSection
EndGlobal
